{
  "nodes": {
    "home-manager": {
      "inputs": {
        "nixpkgs": [
          "nixpkgs"
        ]
      },
      "locked": {
        "lastModified": 1705335923,
        "narHash": "sha256-jRyp+a89Y7Cb2V/NyIJpgu5gsND419bY16omCZWy+jc=",
        "owner": "nix-community",
        "repo": "home-manager",
        "rev": "b989db5900df4bd1a786f8afd8063dae09d89a8c",
        "type": "github"
      },
      "original": {
        "owner": "nix-community",
        "repo": "home-manager",
        "type": "github"
      }
    },
    "nixpkgs": {
      "locked": {
        "lastModified": 1705303754,
        "narHash": "sha256-loWkd7lUzSvGBU9xnva37iPB2rr5ulq1qBLT44KjzGA=",
        "owner": "nixos",
        "repo": "nixpkgs",
        "rev": "e0629618b4b419a47e2c8a3cab223e2a7f3a8f97",
        "type": "github"
      },
      "original": {
        "owner": "nixos",
        "ref": "nixpkgs-unstable",
        "repo": "nixpkgs",
        "type": "github"
      }
    },
    "root": {
      "inputs": {
        "home-manager": "home-manager",
        "nixpkgs": "nixpkgs"
      }
    }
  },
  "root": "root",
  "version": 7
}
